
Microsoft Visual Studio Solution File, Format Version 12.00
# Visual Studio Version 17
VisualStudioVersion = 17.5.33530.505
MinimumVisualStudioVersion = 10.0.40219.1
Project("{8BC9CEB8-8B4A-11D0-8D11-00A0C91BC942}") = "Block", "Block\Block.vcxproj", "{F92DEB07-D60A-4659-8150-13A458454A77}"
EndProject
Global
	GlobalSection(SolutionConfigurationPlatforms) = preSolution
		Debug|x64 = Debug|x64
		Debug|x86 = Debug|x86
		Release|x64 = Release|x64
		Release|x86 = Release|x86
	EndGlobalSection
	GlobalSection(ProjectConfigurationPlatforms) = postSolution
		{F92DEB07-D60A-4659-8150-13A458454A77}.Debug|x64.ActiveCfg = Debug|x64
		{F92DEB07-D60A-4659-8150-13A458454A77}.Debug|x64.Build.0 = Debug|x64
		{F92DEB07-D60A-4659-8150-13A458454A77}.Debug|x86.ActiveCfg = Debug|Win32
		{F92DEB07-D60A-4659-8150-13A458454A77}.Debug|x86.Build.0 = Debug|Win32
		{F92DEB07-D60A-4659-8150-13A458454A77}.Release|x64.ActiveCfg = Release|x64
		{F92DEB07-D60A-4659-8150-13A458454A77}.Release|x64.Build.0 = Release|x64
		{F92DEB07-D60A-4659-8150-13A458454A77}.Release|x86.ActiveCfg = Release|Win32
		{F92DEB07-D60A-4659-8150-13A458454A77}.Release|x86.Build.0 = Release|Win32
	EndGlobalSection
	GlobalSection(SolutionProperties) = preSolution
		HideSolutionNode = FALSE
	EndGlobalSection
	GlobalSection(ExtensibilityGlobals) = postSolution
		SolutionGuid = {8010E3EF-B118-4BCA-BE34-5FCE3DBE6B50}
	EndGlobalSection
EndGlobal
